github.com/GoPersonalCluster/GO_RabbitMqHandler v0.0.0-20260621232816-66482c603fae h1:qB6VdutiRnmCiJXBZIBANN5wfAgxuZ5iD29kiFDywkA=
github.com/GoPersonalCluster/GO_RabbitMqHandler v0.0.0-20260621232816-66482c603fae/go.mod h1:nySvN4d2rUsGBLUq9EkU5nIbZZ1rMumTZmrIRmu1bX4=
github.com/GoPersonalCluster/GO_RabbitMqHandler v1.0.1 h1:kuILw8edMyll7IKYoNW2FO5rHmMiWunGB+yoJqXWmec=
github.com/GoPersonalCluster/GO_RabbitMqHandler v1.0.1/go.mod h1:nySvN4d2rUsGBLUq9EkU5nIbZZ1rMumTZmrIRmu1bX4=
